// !$*UTF8*$!
{
	archiveVersion = 1;
	classes = {
	};
	objectVersion = 70;
	objects = {

/* Begin PBXBuildFile section */
		F31640D92E00DE4E00A3C449 /* PROYECTO_POKEMONApp.swift in Sources */ = {isa = PBXBuildFile; fileRef = F31640D82E00DE4E00A3C449 /* PROYECTO_POKEMONApp.swift */; };
		F31640DB2E00DE4E00A3C449 /* ContentView.swift in Sources */ = {isa = PBXBuildFile; fileRef = F31640DA2E00DE4E00A3C449 /* ContentView.swift */; };
		F31640DD2E00DE5000A3C449 /* Assets.xcassets in Resources */ = {isa = PBXBuildFile; fileRef = F31640DC2E00DE5000A3C449 /* Assets.xcassets */; };
		F31640E02E00DE5000A3C449 /* Preview Assets.xcassets in Resources */ = {isa = PBXBuildFile; fileRef = F31640DF2E00DE5000A3C449 /* Preview Assets.xcassets */; };
		F31640E92E00DEB800A3C449 /* botonesTop.swift in Sources */ = {isa = PBXBuildFile; fileRef = F31640E82E00DEB800A3C449 /* botonesTop.swift */; };
		F3360B382DFA8BAD005C5423 /* botonMas.swift in Sources */ = {isa = PBXBuildFile; fileRef = F3360B372DFA8B9F005C5423 /* botonMas.swift */; };
		F3360B3A2DFA8BC8005C5423 /* botonLargo.swift in Sources */ = {isa = PBXBuildFile; fileRef = F3360B392DFA8BC3005C5423 /* botonLargo.swift */; };
		F3360B3C2DFA8C1A005C5423 /* pantalla.swift in Sources */ = {isa = PBXBuildFile; fileRef = F3360B3B2DFA8C12005C5423 /* pantalla.swift */; };
		F3360B402DFA8C69005C5423 /* PokemonCards.swift in Sources */ = {isa = PBXBuildFile; fileRef = F3360B3F2DFA8C64005C5423 /* PokemonCards.swift */; };
		F3360B422DFA9F36005C5423 /* recuadro.swift in Sources */ = {isa = PBXBuildFile; fileRef = F3360B412DFA9F30005C5423 /* recuadro.swift */; };
/* End PBXBuildFile section */

/* Begin PBXFileReference section */
		F31640D52E00DE4E00A3C449 /* PROYECTO POKEMON.app */ = {isa = PBXFileReference; explicitFileType = wrapper.application; includeInIndex = 0; path = "PROYECTO POKEMON.app"; sourceTree = BUILT_PRODUCTS_DIR; };
		F31640D82E00DE4E00A3C449 /* PROYECTO_POKEMONApp.swift */ = {isa = PBXFileReference; lastKnownFileType = sourcecode.swift; path = PROYECTO_POKEMONApp.swift; sourceTree = "<group>"; };
		F31640DA2E00DE4E00A3C449 /* ContentView.swift */ = {isa = PBXFileReference; lastKnownFileType = sourcecode.swift; path = ContentView.swift; sourceTree = "<group>"; };
		F31640DC2E00DE5000A3C449 /* Assets.xcassets */ = {isa = PBXFileReference; lastKnownFileType = folder.assetcatalog; path = Assets.xcassets; sourceTree = "<group>"; };
		F31640DF2E00DE5000A3C449 /* Preview Assets.xcassets */ = {isa = PBXFileReference; lastKnownFileType = folder.assetcatalog; path = "Preview Assets.xcassets"; sourceTree = "<group>"; };
		F31640E12E00DE5000A3C449 /* PROYECTO_POKEMON.entitlements */ = {isa = PBXFileReference; lastKnownFileType = text.plist.entitlements; path = PROYECTO_POKEMON.entitlements; sourceTree = "<group>"; };
		F31640E82E00DEB800A3C449 /* botonesTop.swift */ = {isa = PBXFileReference; lastKnownFileType = sourcecode.swift; path = botonesTop.swift; sourceTree = "<group>"; };
		F3360B372DFA8B9F005C5423 /* botonMas.swift */ = {isa = PBXFileReference; lastKnownFileType = sourcecode.swift; path = botonMas.swift; sourceTree = "<group>"; };
		F3360B392DFA8BC3005C5423 /* botonLargo.swift */ = {isa = PBXFileReference; lastKnownFileType = sourcecode.swift; path = botonLargo.swift; sourceTree = "<group>"; };
		F3360B3B2DFA8C12005C5423 /* pantalla.swift */ = {isa = PBXFileReference; lastKnownFileType = sourcecode.swift; path = pantalla.swift; sourceTree = "<group>"; };
		F3360B3F2DFA8C64005C5423 /* PokemonCards.swift */ = {isa = PBXFileReference; lastKnownFileType = sourcecode.swift; path = PokemonCards.swift; sourceTree = "<group>"; };
		F3360B412DFA9F30005C5423 /* recuadro.swift */ = {isa = PBXFileReference; lastKnownFileType = sourcecode.swift; path = recuadro.swift; sourceTree = "<group>"; };
/* End PBXFileReference section */

/* Begin PBXFileSystemSynchronizedRootGroup section */
		F3360B332DFA8ADC005C5423 /* models */ = {isa = PBXFileSystemSynchronizedRootGroup; explicitFileTypes = {}; explicitFolders = (); path = models; sourceTree = "<group>"; };
/* End PBXFileSystemSynchronizedRootGroup section */

/* Begin PBXFrameworksBuildPhase section */
		F31640D22E00DE4E00A3C449 /* Frameworks */ = {
			isa = PBXFrameworksBuildPhase;
			buildActionMask = 2147483647;
			files = (
			);
			runOnlyForDeploymentPostprocessing = 0;
		};
/* End PBXFrameworksBuildPhase section */

/* Begin PBXGroup section */
		F31640CC2E00DE4E00A3C449 = {
			isa = PBXGroup;
			children = (
				F31640D72E00DE4E00A3C449 /* PROYECTO POKEMON */,
				F31640D62E00DE4E00A3C449 /* Products */,
			);
			sourceTree = "<group>";
		};
		F31640D62E00DE4E00A3C449 /* Products */ = {
			isa = PBXGroup;
			children = (
				F31640D52E00DE4E00A3C449 /* PROYECTO POKEMON.app */,
			);
			name = Products;
			sourceTree = "<group>";
		};
		F31640D72E00DE4E00A3C449 /* PROYECTO POKEMON */ = {
			isa = PBXGroup;
			children = (
				F3360B332DFA8ADC005C5423 /* models */,
				F31640E72E00DEA600A3C449 /* views */,
				F31640D82E00DE4E00A3C449 /* PROYECTO_POKEMONApp.swift */,
				F31640DA2E00DE4E00A3C449 /* ContentView.swift */,
				F31640DC2E00DE5000A3C449 /* Assets.xcassets */,
				F31640E12E00DE5000A3C449 /* PROYECTO_POKEMON.entitlements */,
				F31640DE2E00DE5000A3C449 /* Preview Content */,
			);
			path = "PROYECTO POKEMON";
			sourceTree = "<group>";
		};
		F31640DE2E00DE5000A3C449 /* Preview Content */ = {
			isa = PBXGroup;
			children = (
				F31640DF2E00DE5000A3C449 /* Preview Assets.xcassets */,
			);
			path = "Preview Content";
			sourceTree = "<group>";
		};
		F31640E72E00DEA600A3C449 /* views */ = {
			isa = PBXGroup;
			children = (
				F3360B412DFA9F30005C5423 /* recuadro.swift */,
				F3360B3F2DFA8C64005C5423 /* PokemonCards.swift */,
				F3360B3B2DFA8C12005C5423 /* pantalla.swift */,
				F3360B392DFA8BC3005C5423 /* botonLargo.swift */,
				F3360B372DFA8B9F005C5423 /* botonMas.swift */,
				F31640E82E00DEB800A3C449 /* botonesTop.swift */,
			);
			path = views;
			sourceTree = "<group>";
		};
/* End PBXGroup section */

/* Begin PBXNativeTarget section */
		F31640D42E00DE4E00A3C449 /* PROYECTO POKEMON */ = {
			isa = PBXNativeTarget;
			buildConfigurationList = F31640E42E00DE5000A3C449 /* Build configuration list for PBXNativeTarget "PROYECTO POKEMON" */;
			buildPhases = (
				F31640D12E00DE4E00A3C449 /* Sources */,
				F31640D22E00DE4E00A3C449 /* Frameworks */,
				F31640D32E00DE4E00A3C449 /* Resources */,
			);
			buildRules = (
			);
			dependencies = (
			);
			fileSystemSynchronizedGroups = (
				F3360B332DFA8ADC005C5423 /* models */,
			);
			name = "PROYECTO POKEMON";
			productName = "PROYECTO POKEMON";
			productReference = F31640D52E00DE4E00A3C449 /* PROYECTO POKEMON.app */;
			productType = "com.apple.product-type.application";
		};
/* End PBXNativeTarget section */

/* Begin PBXProject section */
		F31640CD2E00DE4E00A3C449 /* Project object */ = {
			isa = PBXProject;
			attributes = {
				BuildIndependentTargetsInParallel = 1;
				LastSwiftUpdateCheck = 1540;
				LastUpgradeCheck = 1540;
				TargetAttributes = {
					F31640D42E00DE4E00A3C449 = {
						CreatedOnToolsVersion = 15.4;
					};
				};
			};
			buildConfigurationList = F31640D02E00DE4E00A3C449 /* Build configuration list for PBXProject "PROYECTO POKEMON" */;
			compatibilityVersion = "Xcode 14.0";
			developmentRegion = en;
			hasScannedForEncodings = 0;
			knownRegions = (
				en,
				Base,
			);
			mainGroup = F31640CC2E00DE4E00A3C449;
			productRefGroup = F31640D62E00DE4E00A3C449 /* Products */;
			projectDirPath = "";
			projectRoot = "";
			targets = (
				F31640D42E00DE4E00A3C449 /* PROYECTO POKEMON */,
			);
		};
/* End PBXProject section */

/* Begin PBXResourcesBuildPhase section */
		F31640D32E00DE4E00A3C449 /* Resources */ = {
			isa = PBXResourcesBuildPhase;
			buildActionMask = 2147483647;
			files = (
				F31640E02E00DE5000A3C449 /* Preview Assets.xcassets in Resources */,
				F31640DD2E00DE5000A3C449 /* Assets.xcassets in Resources */,
			);
			runOnlyForDeploymentPostprocessing = 0;
		};
/* End PBXResourcesBuildPhase section */

/* Begin PBXSourcesBuildPhase section */
		F31640D12E00DE4E00A3C449 /* Sources */ = {
			isa = PBXSourcesBuildPhase;
			buildActionMask = 2147483647;
			files = (
				F3360B3C2DFA8C1A005C5423 /* pantalla.swift in Sources */,
				F31640DB2E00DE4E00A3C449 /* ContentView.swift in Sources */,
				F31640D92E00DE4E00A3C449 /* PROYECTO_POKEMONApp.swift in Sources */,
				F3360B422DFA9F36005C5423 /* recuadro.swift in Sources */,
				F3360B402DFA8C69005C5423 /* PokemonCards.swift in Sources */,
				F3360B382DFA8BAD005C5423 /* botonMas.swift in Sources */,
				F31640E92E00DEB800A3C449 /* botonesTop.swift in Sources */,
				F3360B3A2DFA8BC8005C5423 /* botonLargo.swift in Sources */,
			);
			runOnlyForDeploymentPostprocessing = 0;
		};
/* End PBXSourcesBuildPhase section */

/* Begin XCBuildConfiguration section */
		F31640E22E00DE5000A3C449 /* Debug */ = {
			isa = XCBuildConfiguration;
			buildSettings = {
				ALWAYS_SEARCH_USER_PATHS = NO;
				ASSETCATALOG_COMPILER_GENERATE_SWIFT_ASSET_SYMBOL_EXTENSIONS = YES;
				CLANG_ANALYZER_NONNULL = YES;
				CLANG_ANALYZER_NUMBER_OBJECT_CONVERSION = YES_AGGRESSIVE;
				CLANG_CXX_LANGUAGE_STANDARD = "gnu++20";
				CLANG_ENABLE_MODULES = YES;
				CLANG_ENABLE_OBJC_ARC = YES;
				CLANG_ENABLE_OBJC_WEAK = YES;
				CLANG_WARN_BLOCK_CAPTURE_AUTORELEASING = YES;
				CLANG_WARN_BOOL_CONVERSION = YES;
				CLANG_WARN_COMMA = YES;
				CLANG_WARN_CONSTANT_CONVERSION = YES;
				CLANG_WARN_DEPRECATED_OBJC_IMPLEMENTATIONS = YES;
				CLANG_WARN_DIRECT_OBJC_ISA_USAGE = YES_ERROR;
				CLANG_WARN_DOCUMENTATION_COMMENTS = YES;
				CLANG_WARN_EMPTY_BODY = YES;
				CLANG_WARN_ENUM_CONVERSION = YES;
				CLANG_WARN_INFINITE_RECURSION = YES;
				CLANG_WARN_INT_CONVERSION = YES;
				CLANG_WARN_NON_LITERAL_NULL_CONVERSION = YES;
				CLANG_WARN_OBJC_IMPLICIT_RETAIN_SELF = YES;
				CLANG_WARN_OBJC_LITERAL_CONVERSION = YES;
				CLANG_WARN_OBJC_ROOT_CLASS = YES_ERROR;
				CLANG_WARN_QUOTED_INCLUDE_IN_FRAMEWORK_HEADER = YES;
				CLANG_WARN_RANGE_LOOP_ANALYSIS = YES;
				CLANG_WARN_STRICT_PROTOTYPES = YES;
				CLANG_WARN_SUSPICIOUS_MOVE = YES;
				CLANG_WARN_UNGUARDED_AVAILABILITY = YES_AGGRESSIVE;
				CLANG_WARN_UNREACHABLE_CODE = YES;
				CLANG_WARN__DUPLICATE_METHOD_MATCH = YES;
				COPY_PHASE_STRIP = NO;
				DEBUG_INFORMATION_FORMAT = dwarf;
				ENABLE_STRICT_OBJC_MSGSEND = YES;
				ENABLE_TESTABILITY = YES;
				ENABLE_USER_SCRIPT_SANDBOXING = YES;
				GCC_C_LANGUAGE_STANDARD = gnu17;
				GCC_DYNAMIC_NO_PIC = NO;
				GCC_NO_COMMON_BLOCKS = YES;
				GCC_OPTIMIZATION_LEVEL = 0;
				GCC_PREPROCESSOR_DEFINITIONS = (
					"DEBUG=1",
					"$(inherited)",
				);
				GCC_WARN_64_TO_32_BIT_CONVERSION = YES;
				GCC_WARN_ABOUT_RETURN_TYPE = YES_ERROR;
				GCC_WARN_UNDECLARED_SELECTOR = YES;
				GCC_WARN_UNINITIALIZED_AUTOS = YES_AGGRESSIVE;
				GCC_WARN_UNUSED_FUNCTION = YES;
				GCC_WARN_UNUSED_VARIABLE = YES;
				LOCALIZATION_PREFERS_STRING_CATALOGS = YES;
				MACOSX_DEPLOYMENT_TARGET = 14.5;
				MTL_ENABLE_DEBUG_INFO = INCLUDE_SOURCE;
				MTL_FAST_MATH = YES;
				ONLY_ACTIVE_ARCH = YES;
				SDKROOT = macosx;
				SWIFT_ACTIVE_COMPILATION_CONDITIONS = "DEBUG $(inherited)";
				SWIFT_OPTIMIZATION_LEVEL = "-Onone";
			};
			name = Debug;
		};
		F31640E32E00DE5000A3C449 /* Release */ = {
			isa = XCBuildConfiguration;
			buildSettings = {
				ALWAYS_SEARCH_USER_PATHS = NO;
				ASSETCATALOG_COMPILER_GENERATE_SWIFT_ASSET_SYMBOL_EXTENSIONS = YES;
				CLANG_ANALYZER_NONNULL = YES;
				CLANG_ANALYZER_NUMBER_OBJECT_CONVERSION = YES_AGGRESSIVE;
				CLANG_CXX_LANGUAGE_STANDARD = "gnu++20";
				CLANG_ENABLE_MODULES = YES;
				CLANG_ENABLE_OBJC_ARC = YES;
				CLANG_ENABLE_OBJC_WEAK = YES;
				CLANG_WARN_BLOCK_CAPTURE_AUTORELEASING = YES;
				CLANG_WARN_BOOL_CONVERSION = YES;
				CLANG_WARN_COMMA = YES;
				CLANG_WARN_CONSTANT_CONVERSION = YES;
				CLANG_WARN_DEPRECATED_OBJC_IMPLEMENTATIONS = YES;
				CLANG_WARN_DIRECT_OBJC_ISA_USAGE = YES_ERROR;
				CLANG_WARN_DOCUMENTATION_COMMENTS = YES;
				CLANG_WARN_EMPTY_BODY = YES;
				CLANG_WARN_ENUM_CONVERSION = YES;
				CLANG_WARN_INFINITE_RECURSION = YES;
				CLANG_WARN_INT_CONVERSION = YES;
				CLANG_WARN_NON_LITERAL_NULL_CONVERSION = YES;
				CLANG_WARN_OBJC_IMPLICIT_RETAIN_SELF = YES;
				CLANG_WARN_OBJC_LITERAL_CONVERSION = YES;
				CLANG_WARN_OBJC_ROOT_CLASS = YES_ERROR;
				CLANG_WARN_QUOTED_INCLUDE_IN_FRAMEWORK_HEADER = YES;
				CLANG_WARN_RANGE_LOOP_ANALYSIS = YES;
				CLANG_WARN_STRICT_PROTOTYPES = YES;
				CLANG_WARN_SUSPICIOUS_MOVE = YES;
				CLANG_WARN_UNGUARDED_AVAILABILITY = YES_AGGRESSIVE;
				CLANG_WARN_UNREACHABLE_CODE = YES;
				CLANG_WARN__DUPLICATE_METHOD_MATCH = YES;
				COPY_PHASE_STRIP = NO;
				DEBUG_INFORMATION_FORMAT = "dwarf-with-dsym";
				ENABLE_NS_ASSERTIONS = NO;
				ENABLE_STRICT_OBJC_MSGSEND = YES;
				ENABLE_USER_SCRIPT_SANDBOXING = YES;
				GCC_C_LANGUAGE_STANDARD = gnu17;
				GCC_NO_COMMON_BLOCKS = YES;
				GCC_WARN_64_TO_32_BIT_CONVERSION = YES;
				GCC_WARN_ABOUT_RETURN_TYPE = YES_ERROR;
				GCC_WARN_UNDECLARED_SELECTOR = YES;
				GCC_WARN_UNINITIALIZED_AUTOS = YES_AGGRESSIVE;
				GCC_WARN_UNUSED_FUNCTION = YES;
				GCC_WARN_UNUSED_VARIABLE = YES;
				LOCALIZATION_PREFERS_STRING_CATALOGS = YES;
				MACOSX_DEPLOYMENT_TARGET = 14.5;
				MTL_ENABLE_DEBUG_INFO = NO;
				MTL_FAST_MATH = YES;
				SDKROOT = macosx;
				SWIFT_COMPILATION_MODE = wholemodule;
			};
			name = Release;
		};
		F31640E52E00DE5000A3C449 /* Debug */ = {
			isa = XCBuildConfiguration;
			buildSettings = {
				ASSETCATALOG_COMPILER_APPICON_NAME = AppIcon;
				ASSETCATALOG_COMPILER_GLOBAL_ACCENT_COLOR_NAME = AccentColor;
				CODE_SIGN_ENTITLEMENTS = "PROYECTO POKEMON/PROYECTO_POKEMON.entitlements";
				CODE_SIGN_STYLE = Automatic;
				COMBINE_HIDPI_IMAGES = YES;
				CURRENT_PROJECT_VERSION = 1;
				DEVELOPMENT_ASSET_PATHS = "\"PROYECTO POKEMON/Preview Content\"";
				ENABLE_PREVIEWS = YES;
				GENERATE_INFOPLIST_FILE = YES;
				INFOPLIST_KEY_NSHumanReadableCopyright = "";
				LD_RUNPATH_SEARCH_PATHS = (
					"$(inherited)",
					"@executable_path/../Frameworks",
				);
				MACOSX_DEPLOYMENT_TARGET = 13.5;
				MARKETING_VERSION = 1.0;
				PRODUCT_BUNDLE_IDENTIFIER = "com.lasalle.PROYECTO-POKEMON";
				PRODUCT_NAME = "$(TARGET_NAME)";
				SWIFT_EMIT_LOC_STRINGS = YES;
				SWIFT_VERSION = 5.0;
			};
			name = Debug;
		};
		F31640E62E00DE5000A3C449 /* Release */ = {
			isa = XCBuildConfiguration;
			buildSettings = {
				ASSETCATALOG_COMPILER_APPICON_NAME = AppIcon;
				ASSETCATALOG_COMPILER_GLOBAL_ACCENT_COLOR_NAME = AccentColor;
				CODE_SIGN_ENTITLEMENTS = "PROYECTO POKEMON/PROYECTO_POKEMON.entitlements";
				CODE_SIGN_STYLE = Automatic;
				COMBINE_HIDPI_IMAGES = YES;
				CURRENT_PROJECT_VERSION = 1;
				DEVELOPMENT_ASSET_PATHS = "\"PROYECTO POKEMON/Preview Content\"";
				ENABLE_PREVIEWS = YES;
				GENERATE_INFOPLIST_FILE = YES;
				INFOPLIST_KEY_NSHumanReadableCopyright = "";
				LD_RUNPATH_SEARCH_PATHS = (
					"$(inherited)",
					"@executable_path/../Frameworks",
				);
				MACOSX_DEPLOYMENT_TARGET = 13.5;
				MARKETING_VERSION = 1.0;
				PRODUCT_BUNDLE_IDENTIFIER = "com.lasalle.PROYECTO-POKEMON";
				PRODUCT_NAME = "$(TARGET_NAME)";
				SWIFT_EMIT_LOC_STRINGS = YES;
				SWIFT_VERSION = 5.0;
			};
			name = Release;
		};
/* End XCBuildConfiguration section */

/* Begin XCConfigurationList section */
		F31640D02E00DE4E00A3C449 /* Build configuration list for PBXProject "PROYECTO POKEMON" */ = {
			isa = XCConfigurationList;
			buildConfigurations = (
				F31640E22E00DE5000A3C449 /* Debug */,
				F31640E32E00DE5000A3C449 /* Release */,
			);
			defaultConfigurationIsVisible = 0;
			defaultConfigurationName = Release;
		};
		F31640E42E00DE5000A3C449 /* Build configuration list for PBXNativeTarget "PROYECTO POKEMON" */ = {
			isa = XCConfigurationList;
			buildConfigurations = (
				F31640E52E00DE5000A3C449 /* Debug */,
				F31640E62E00DE5000A3C449 /* Release */,
			);
			defaultConfigurationIsVisible = 0;
			defaultConfigurationName = Release;
		};
/* End XCConfigurationList section */
	};
	rootObject = F31640CD2E00DE4E00A3C449 /* Project object */;
}
